
Microsoft Visual Studio Solution File, Format Version 12.00
Project("{2150E333-8FDC-42A3-9474-1A3956D46DE8}") = "src", "src", "{A359D86C-6E31-45D0-A44D-94FCF2BE43E8}"
EndProject
Project("{FAE04EC0-301F-11D3-BF4B-00C04F79EFBC}") = "Gatherly.Domain", "src\Gatherly.Domain\Gatherly.Domain.csproj", "{F07BB921-309C-48CB-B175-90D734C5CB8C}"
EndProject
Project("{FAE04EC0-301F-11D3-BF4B-00C04F79EFBC}") = "Gatherly.Application", "src\Gatherly.Application\Gatherly.Application.csproj", "{4F8C42F4-73B5-4BDE-A8BD-01D30AFF2EDC}"
EndProject
Project("{FAE04EC0-301F-11D3-BF4B-00C04F79EFBC}") = "Gatherly.Persistence", "src\Gatherly.Persistence\Gatherly.Persistence.csproj", "{7796EA3C-523A-4375-A666-63BB2DEC8E7D}"
EndProject
Project("{FAE04EC0-301F-11D3-BF4B-00C04F79EFBC}") = "Gatherly.Infrastructure", "src\Gatherly.Infrastructure\Gatherly.Infrastructure.csproj", "{1E31E3AF-BE2C-4B7F-AD6A-0F3BDFA54EED}"
EndProject
Project("{FAE04EC0-301F-11D3-BF4B-00C04F79EFBC}") = "Gatherly.App", "src\Gatherly.App\Gatherly.App.csproj", "{A67A3E13-F2D8-4BBD-9BA7-F7FD8C5F1349}"
EndProject
Project("{FAE04EC0-301F-11D3-BF4B-00C04F79EFBC}") = "Gatherly.Presentation", "src\Gatherly.Presentation\Gatherly.Presentation.csproj", "{964F9C2F-B0A2-4D56-AA22-BE3EFBA3F7A3}"
EndProject
Global
	GlobalSection(SolutionConfigurationPlatforms) = preSolution
		Debug|Any CPU = Debug|Any CPU
		Release|Any CPU = Release|Any CPU
	EndGlobalSection
	GlobalSection(NestedProjects) = preSolution
		{F07BB921-309C-48CB-B175-90D734C5CB8C} = {A359D86C-6E31-45D0-A44D-94FCF2BE43E8}
		{4F8C42F4-73B5-4BDE-A8BD-01D30AFF2EDC} = {A359D86C-6E31-45D0-A44D-94FCF2BE43E8}
		{7796EA3C-523A-4375-A666-63BB2DEC8E7D} = {A359D86C-6E31-45D0-A44D-94FCF2BE43E8}
		{1E31E3AF-BE2C-4B7F-AD6A-0F3BDFA54EED} = {A359D86C-6E31-45D0-A44D-94FCF2BE43E8}
		{A67A3E13-F2D8-4BBD-9BA7-F7FD8C5F1349} = {A359D86C-6E31-45D0-A44D-94FCF2BE43E8}
		{964F9C2F-B0A2-4D56-AA22-BE3EFBA3F7A3} = {A359D86C-6E31-45D0-A44D-94FCF2BE43E8}
	EndGlobalSection
	GlobalSection(ProjectConfigurationPlatforms) = postSolution
		{F07BB921-309C-48CB-B175-90D734C5CB8C}.Debug|Any CPU.ActiveCfg = Debug|Any CPU
		{F07BB921-309C-48CB-B175-90D734C5CB8C}.Debug|Any CPU.Build.0 = Debug|Any CPU
		{F07BB921-309C-48CB-B175-90D734C5CB8C}.Release|Any CPU.ActiveCfg = Release|Any CPU
		{F07BB921-309C-48CB-B175-90D734C5CB8C}.Release|Any CPU.Build.0 = Release|Any CPU
		{4F8C42F4-73B5-4BDE-A8BD-01D30AFF2EDC}.Debug|Any CPU.ActiveCfg = Debug|Any CPU
		{4F8C42F4-73B5-4BDE-A8BD-01D30AFF2EDC}.Debug|Any CPU.Build.0 = Debug|Any CPU
		{4F8C42F4-73B5-4BDE-A8BD-01D30AFF2EDC}.Release|Any CPU.ActiveCfg = Release|Any CPU
		{4F8C42F4-73B5-4BDE-A8BD-01D30AFF2EDC}.Release|Any CPU.Build.0 = Release|Any CPU
		{7796EA3C-523A-4375-A666-63BB2DEC8E7D}.Debug|Any CPU.ActiveCfg = Debug|Any CPU
		{7796EA3C-523A-4375-A666-63BB2DEC8E7D}.Debug|Any CPU.Build.0 = Debug|Any CPU
		{7796EA3C-523A-4375-A666-63BB2DEC8E7D}.Release|Any CPU.ActiveCfg = Release|Any CPU
		{7796EA3C-523A-4375-A666-63BB2DEC8E7D}.Release|Any CPU.Build.0 = Release|Any CPU
		{1E31E3AF-BE2C-4B7F-AD6A-0F3BDFA54EED}.Debug|Any CPU.ActiveCfg = Debug|Any CPU
		{1E31E3AF-BE2C-4B7F-AD6A-0F3BDFA54EED}.Debug|Any CPU.Build.0 = Debug|Any CPU
		{1E31E3AF-BE2C-4B7F-AD6A-0F3BDFA54EED}.Release|Any CPU.ActiveCfg = Release|Any CPU
		{1E31E3AF-BE2C-4B7F-AD6A-0F3BDFA54EED}.Release|Any CPU.Build.0 = Release|Any CPU
		{A67A3E13-F2D8-4BBD-9BA7-F7FD8C5F1349}.Debug|Any CPU.ActiveCfg = Debug|Any CPU
		{A67A3E13-F2D8-4BBD-9BA7-F7FD8C5F1349}.Debug|Any CPU.Build.0 = Debug|Any CPU
		{A67A3E13-F2D8-4BBD-9BA7-F7FD8C5F1349}.Release|Any CPU.ActiveCfg = Release|Any CPU
		{A67A3E13-F2D8-4BBD-9BA7-F7FD8C5F1349}.Release|Any CPU.Build.0 = Release|Any CPU
		{964F9C2F-B0A2-4D56-AA22-BE3EFBA3F7A3}.Debug|Any CPU.ActiveCfg = Debug|Any CPU
		{964F9C2F-B0A2-4D56-AA22-BE3EFBA3F7A3}.Debug|Any CPU.Build.0 = Debug|Any CPU
		{964F9C2F-B0A2-4D56-AA22-BE3EFBA3F7A3}.Release|Any CPU.ActiveCfg = Release|Any CPU
		{964F9C2F-B0A2-4D56-AA22-BE3EFBA3F7A3}.Release|Any CPU.Build.0 = Release|Any CPU
	EndGlobalSection
EndGlobal
